# This file is automatically @generated by Poetry 2.1.4 and should not be changed by hand.

[[package]]
name = "krpc"
version = "0.5.4"
description = "Client library for kRPC, a Remote Procedure Call server for Kerbal Space Program"
optional = false
python-versions = ">=3.7"
groups = ["main"]
files = [
    {file = "krpc-0.5.4.zip", hash = "sha256:95b4512a080c92d45a1b60ebb9eff9290c5263a19ff1abdb351e12ffb51fb615"},
]

[package.dependencies]
protobuf = ">=3.6"

[[package]]
name = "protobuf"
version = "6.32.0"
description = ""
optional = false
python-versions = ">=3.9"
groups = ["main"]
files = [
    {file = "protobuf-6.32.0-cp310-abi3-win32.whl", hash = "sha256:84f9e3c1ff6fb0308dbacb0950d8aa90694b0d0ee68e75719cb044b7078fe741"},
    {file = "protobuf-6.32.0-cp310-abi3-win_amd64.whl", hash = "sha256:a8bdbb2f009cfc22a36d031f22a625a38b615b5e19e558a7b756b3279723e68e"},
    {file = "protobuf-6.32.0-cp39-abi3-macosx_10_9_universal2.whl", hash = "sha256:d52691e5bee6c860fff9a1c86ad26a13afbeb4b168cd4445c922b7e2cf85aaf0"},
    {file = "protobuf-6.32.0-cp39-abi3-manylinux2014_aarch64.whl", hash = "sha256:501fe6372fd1c8ea2a30b4d9be8f87955a64d6be9c88a973996cef5ef6f0abf1"},
    {file = "protobuf-6.32.0-cp39-abi3-manylinux2014_x86_64.whl", hash = "sha256:75a2aab2bd1aeb1f5dc7c5f33bcb11d82ea8c055c9becbb41c26a8c43fd7092c"},
    {file = "protobuf-6.32.0-cp39-cp39-win32.whl", hash = "sha256:7db8ed09024f115ac877a1427557b838705359f047b2ff2f2b2364892d19dacb"},
    {file = "protobuf-6.32.0-cp39-cp39-win_amd64.whl", hash = "sha256:15eba1b86f193a407607112ceb9ea0ba9569aed24f93333fe9a497cf2fda37d3"},
    {file = "protobuf-6.32.0-py3-none-any.whl", hash = "sha256:ba377e5b67b908c8f3072a57b63e2c6a4cbd18aea4ed98d2584350dbf46f2783"},
    {file = "protobuf-6.32.0.tar.gz", hash = "sha256:a81439049127067fc49ec1d36e25c6ee1d1a2b7be930675f919258d03c04e7d2"},
]

[metadata]
lock-version = "2.1"
python-versions = ">=3.11"
content-hash = "7810e57ab979a7559213d745f07d75107fec86549eb2c7bae05f42b1fedb1cd8"
